
Microsoft Visual Studio Solution File, Format Version 11.00
# Visual Studio 2010
Project("{FAE04EC0-301F-11D3-BF4B-00C04F79EFBC}") = "WP9_DES", "WP9-DES\WP9_DES.csproj", "{DCF73E70-68ED-4373-81A0-1CAB28F80BE4}"
EndProject
Global
	GlobalSection(SolutionConfigurationPlatforms) = preSolution
		Debug|Any CPU = Debug|Any CPU
		Release|Any CPU = Release|Any CPU
	EndGlobalSection
	GlobalSection(ProjectConfigurationPlatforms) = postSolution
		{DCF73E70-68ED-4373-81A0-1CAB28F80BE4}.Debug|Any CPU.ActiveCfg = Debug|Any CPU
		{DCF73E70-68ED-4373-81A0-1CAB28F80BE4}.Debug|Any CPU.Build.0 = Debug|Any CPU
		{DCF73E70-68ED-4373-81A0-1CAB28F80BE4}.Debug|Any CPU.Deploy.0 = Debug|Any CPU
		{DCF73E70-68ED-4373-81A0-1CAB28F80BE4}.Release|Any CPU.ActiveCfg = Release|Any CPU
		{DCF73E70-68ED-4373-81A0-1CAB28F80BE4}.Release|Any CPU.Build.0 = Release|Any CPU
		{DCF73E70-68ED-4373-81A0-1CAB28F80BE4}.Release|Any CPU.Deploy.0 = Release|Any CPU
	EndGlobalSection
	GlobalSection(SolutionProperties) = preSolution
		HideSolutionNode = FALSE
	EndGlobalSection
EndGlobal
